<?xml version="1.0" encoding="utf-8"?>
<Project ToolsVersion="4.0" xmlns="http://schemas.microsoft.com/developer/msbuild/2003">
  <ItemGroup>
    <Filter Include="Source Files">
      <UniqueIdentifier>{614eddde-e6d7-41d8-a0f9-186475a3d6d6}</UniqueIdentifier>
      <Extensions>cpp;c;cxx;rc;def;r;odl;idl;hpj;bat</Extensions>
    </Filter>
    <Filter Include="Header Files">
      <UniqueIdentifier>{73e44b45-72c7-4576-b8d8-cdb0c58033fd}</UniqueIdentifier>
      <Extensions>h;hpp;hxx;hm;inl</Extensions>
    </Filter>
    <Filter Include="Resource Files">
      <UniqueIdentifier>{2669eb3f-a8a3-4a9a-9353-7750ec55de8e}</UniqueIdentifier>
      <Extensions>ico;cur;bmp;dlg;rc2;rct;bin;rgs;gif;jpg;jpeg;jpe</Extensions>
    </Filter>
  </ItemGroup>
  <ItemGroup>
    <ClCompile Include="FltDesignUI.cpp">
      <Filter>Source Files</Filter>
    </ClCompile>
    <ClCompile Include="imageio.cpp">
      <Filter>Source Files</Filter>
    </ClCompile>
    <ClCompile Include="impBrush.cpp">
      <Filter>Source Files</Filter>
    </ClCompile>
    <ClCompile Include="impressionist.cpp">
      <Filter>Source Files</Filter>
    </ClCompile>
    <ClCompile Include="impressionistDoc.cpp">
      <Filter>Source Files</Filter>
    </ClCompile>
    <ClCompile Include="impressionistUI.cpp">
      <Filter>Source Files</Filter>
    </ClCompile>
    <ClCompile Include="originalView.cpp">
      <Filter>Source Files</Filter>
    </ClCompile>
    <ClCompile Include="paintView.cpp">
      <Filter>Source Files</Filter>
    </ClCompile>
    <ClCompile Include="pointBrush.cpp">
      <Filter>Source Files</Filter>
    </ClCompile>
    <ClCompile Include="circleBrush.cpp">
      <Filter>Source Files</Filter>
    </ClCompile>
    <ClCompile Include="lineBrush.cpp">
      <Filter>Source Files</Filter>
    </ClCompile>
    <ClCompile Include="scatteredCircleBrush.cpp">
      <Filter>Source Files</Filter>
    </ClCompile>
    <ClCompile Include="scatteredLineBrush.cpp">
      <Filter>Source Files</Filter>
    </ClCompile>
    <ClCompile Include="scatteredPointBrush.cpp">
      <Filter>Source Files</Filter>
    </ClCompile>
    <ClCompile Include="triangleBrush.cpp">
      <Filter>Source Files</Filter>
    </ClCompile>
    <ClCompile Include="sCircleBrush.cpp">
      <Filter>Source Files</Filter>
    </ClCompile>
  </ItemGroup>
  <ItemGroup>
    <ClInclude Include="brushes.h">
      <Filter>Header Files</Filter>
    </ClInclude>
    <ClInclude Include="dialog.h">
      <Filter>Header Files</Filter>
    </ClInclude>
    <ClInclude Include="FltDesignUI.h">
      <Filter>Header Files</Filter>
    </ClInclude>
    <ClInclude Include="imageio.h">
      <Filter>Header Files</Filter>
    </ClInclude>
    <ClInclude Include="impBrush.h">
      <Filter>Header Files</Filter>
    </ClInclude>
    <ClInclude Include="impressionist.h">
      <Filter>Header Files</Filter>
    </ClInclude>
    <ClInclude Include="impressionistDoc.h">
      <Filter>Header Files</Filter>
    </ClInclude>
    <ClInclude Include="impressionistUI.h">
      <Filter>Header Files</Filter>
    </ClInclude>
    <ClInclude Include="originalView.h">
      <Filter>Header Files</Filter>
    </ClInclude>
    <ClInclude Include="paintView.h">
      <Filter>Header Files</Filter>
    </ClInclude>
    <ClInclude Include="pointBrush.h">
      <Filter>Header Files</Filter>
    </ClInclude>
    <ClInclude Include="circleBrush.h">
      <Filter>Header Files</Filter>
    </ClInclude>
    <ClInclude Include="lineBrush.h">
      <Filter>Header Files</Filter>
    </ClInclude>
    <ClInclude Include="scatteredCircleBrush.h">
      <Filter>Header Files</Filter>
    </ClInclude>
    <ClInclude Include="scatteredLineBrush.h">
      <Filter>Header Files</Filter>
    </ClInclude>
    <ClInclude Include="scatteredPointBrush.h">
      <Filter>Header Files</Filter>
    </ClInclude>
    <ClInclude Include="triangleBrush.h">
      <Filter>Header Files</Filter>
    </ClInclude>
    <ClInclude Include="sCircleBrush.h">
      <Filter>Header Files</Filter>
    </ClInclude>
  </ItemGroup>
</Project>